
Microsoft Visual Studio Solution File, Format Version 12.00
# Visual Studio Version 17
VisualStudioVersion = 17.14.36518.9 d17.14
MinimumVisualStudioVersion = 10.0.40219.1
Project("{FAE04EC0-301F-11D3-BF4B-00C04F79EFBC}") = "FormPartenerAndChild", "FormPartenerAndChild\FormPartenerAndChild.csproj", "{A278CD6D-DE57-4806-844F-428FE7321C86}"
EndProject
Global
	GlobalSection(SolutionConfigurationPlatforms) = preSolution
		Debug|Any CPU = Debug|Any CPU
		Release|Any CPU = Release|Any CPU
	EndGlobalSection
	GlobalSection(ProjectConfigurationPlatforms) = postSolution
		{A278CD6D-DE57-4806-844F-428FE7321C86}.Debug|Any CPU.ActiveCfg = Debug|Any CPU
		{A278CD6D-DE57-4806-844F-428FE7321C86}.Debug|Any CPU.Build.0 = Debug|Any CPU
		{A278CD6D-DE57-4806-844F-428FE7321C86}.Release|Any CPU.ActiveCfg = Release|Any CPU
		{A278CD6D-DE57-4806-844F-428FE7321C86}.Release|Any CPU.Build.0 = Release|Any CPU
	EndGlobalSection
	GlobalSection(SolutionProperties) = preSolution
		HideSolutionNode = FALSE
	EndGlobalSection
	GlobalSection(ExtensibilityGlobals) = postSolution
		SolutionGuid = {AD12FA86-5903-4869-904B-3F664D4CD975}
	EndGlobalSection
EndGlobal
